
Microsoft Visual Studio Solution File, Format Version 12.00
# Visual Studio 15
VisualStudioVersion = 15.0.27130.2020
MinimumVisualStudioVersion = 10.0.40219.1
Project("{E24C65DC-7377-472B-9ABA-BC803B73C61A}") = "Hostel Management System", "Hostel Management System\", "{EBAAABF3-7F70-423B-8E01-8C360667A719}"
	ProjectSection(WebsiteProperties) = preProject
		TargetFrameworkMoniker = ".NETFramework,Version%3Dv4.6.1"
		Debug.AspNetCompiler.VirtualPath = "/localhost_52427"
		Debug.AspNetCompiler.PhysicalPath = "Hostel Management System\"
		Debug.AspNetCompiler.TargetPath = "PrecompiledWeb\localhost_52427\"
		Debug.AspNetCompiler.Updateable = "true"
		Debug.AspNetCompiler.ForceOverwrite = "true"
		Debug.AspNetCompiler.FixedNames = "false"
		Debug.AspNetCompiler.Debug = "True"
		Release.AspNetCompiler.VirtualPath = "/localhost_52427"
		Release.AspNetCompiler.PhysicalPath = "Hostel Management System\"
		Release.AspNetCompiler.TargetPath = "PrecompiledWeb\localhost_52427\"
		Release.AspNetCompiler.Updateable = "true"
		Release.AspNetCompiler.ForceOverwrite = "true"
		Release.AspNetCompiler.FixedNames = "false"
		Release.AspNetCompiler.Debug = "False"
		VWDPort = "52427"
		SlnRelativePath = "Hostel Management System\"
		DefaultWebSiteLanguage = "Visual C#"
	EndProjectSection
EndProject
Global
	GlobalSection(SolutionConfigurationPlatforms) = preSolution
		Debug|Any CPU = Debug|Any CPU
	EndGlobalSection
	GlobalSection(ProjectConfigurationPlatforms) = postSolution
		{EBAAABF3-7F70-423B-8E01-8C360667A719}.Debug|Any CPU.ActiveCfg = Debug|Any CPU
		{EBAAABF3-7F70-423B-8E01-8C360667A719}.Debug|Any CPU.Build.0 = Debug|Any CPU
	EndGlobalSection
	GlobalSection(SolutionProperties) = preSolution
		HideSolutionNode = FALSE
	EndGlobalSection
	GlobalSection(ExtensibilityGlobals) = postSolution
		SolutionGuid = {0BE64CC1-81AC-4CBF-8D69-05A917EF5768}
	EndGlobalSection
EndGlobal
